// !$*UTF8*$!
{
	archiveVersion = 1;
	classes = {
	};
	objectVersion = 54;
	objects = {

/* Begin PBXBuildFile section */
		00B66678AC83E76BAD1ED9C9 /* Localizable.xcstrings in Resources */ = {isa = PBXBuildFile; fileRef = 32C43AC70BE38F34AF26DD7F /* Localizable.xcstrings */; };
		115954CC86E1FF8E327AAFE7 /* Foundation.framework in Frameworks */ = {isa = PBXBuildFile; fileRef = 45E33DD60013F5E55338A8A6 /* Foundation.framework */; };
		15568686E6ED095AE381A4E2 /* CompressionHelpers.swift in Sources */ = {isa = PBXBuildFile; fileRef = BEC2D51A34FA7E768ECC4F81 /* CompressionHelpers.swift */; };
		189977AC37A526155493674A /* DocumentExporter.swift in Sources */ = {isa = PBXBuildFile; fileRef = 99953C922C60FBC3F73060B0 /* DocumentExporter.swift */; };
		1B18B73C3C04E0209CAF982E /* FileTypeDetectorTests.swift in Sources */ = {isa = PBXBuildFile; fileRef = 03342CE95686810F6C37124C /* FileTypeDetectorTests.swift */; };
		234639078CC6C8C77B025489 /* Local File Diet Share.appex in Embed Foundation Extensions */ = {isa = PBXBuildFile; fileRef = 0F6A78EE31D4916A43FB8D9A /* Local File Diet Share.appex */; settings = {ATTRIBUTES = (RemoveHeadersOnCopy, ); }; };
		23BD704A9DB9D0E3AF5F268F /* AppEnvironment.swift in Sources */ = {isa = PBXBuildFile; fileRef = ECD5C6F8A0161449030F2CBD /* AppEnvironment.swift */; };
		2661AA13A7D367E435392718 /* Foundation.framework in Frameworks */ = {isa = PBXBuildFile; fileRef = 45E33DD60013F5E55338A8A6 /* Foundation.framework */; };
		29579B4960799E2296A92887 /* TemporaryFileStoreTests.swift in Sources */ = {isa = PBXBuildFile; fileRef = 134A679F8ED864BAC2BE6D41 /* TemporaryFileStoreTests.swift */; };
		3581AD2C5AE11B28E294A918 /* PhotoPickerTransfer.swift in Sources */ = {isa = PBXBuildFile; fileRef = EB2A34CF6FA3F4AEAA9B98D4 /* PhotoPickerTransfer.swift */; };
		3CFB34B3BF9B50914E09C552 /* SettingsView.swift in Sources */ = {isa = PBXBuildFile; fileRef = 69C136263B012BB0812841B2 /* SettingsView.swift */; };
		4E9A1C08765C02DF69EA20D0 /* ImageCompressionEngineTests.swift in Sources */ = {isa = PBXBuildFile; fileRef = 1B6345439EE1788D989BDB94 /* ImageCompressionEngineTests.swift */; };
		5F86C5F7556D46BA3789BD9F /* CoreUtilityTests.swift in Sources */ = {isa = PBXBuildFile; fileRef = EF794AF0E4F152FADE07BFAE /* CoreUtilityTests.swift */; };
		68AD133388E9E42FCE3783E6 /* HistoryStore.swift in Sources */ = {isa = PBXBuildFile; fileRef = 17233085FEAC97CC59CB1D80 /* HistoryStore.swift */; };
		7CB2D62C2B2BDF486F7B9E58 /* PDFCompressionEngine.swift in Sources */ = {isa = PBXBuildFile; fileRef = 7290C3C57AEAD89BFE68E9D8 /* PDFCompressionEngine.swift */; };
		89CC5B920D1D1DB2FE87D0D3 /* AppLogger.swift in Sources */ = {isa = PBXBuildFile; fileRef = 8592C914EAF296786A93111C /* AppLogger.swift */; };
		8A331258860B871BA69650E5 /* ResultView.swift in Sources */ = {isa = PBXBuildFile; fileRef = 0D763C2A2A69DEB3B2D47FD5 /* ResultView.swift */; };
		8BA79A531FA577E396508A56 /* HomeView.swift in Sources */ = {isa = PBXBuildFile; fileRef = 5DB5E36B4CBCB3F414A759C8 /* HomeView.swift */; };
		8ED06C52AF70C79A15B13A46 /* AppError.swift in Sources */ = {isa = PBXBuildFile; fileRef = 3D712F758E48407BF1A87EA3 /* AppError.swift */; };
		8FD58BAFD4C7B34666B3C3F1 /* AppRootView.swift in Sources */ = {isa = PBXBuildFile; fileRef = 4B2BA1DF1C1E1CDC9669F1AA /* AppRootView.swift */; };
		9EE743FABB3C161579ECCAA0 /* FileTypeDetector.swift in Sources */ = {isa = PBXBuildFile; fileRef = D0E71F8570926D5C7170B8AE /* FileTypeDetector.swift */; };
		9F2BD3800DD6AB51D1934372 /* Foundation.framework in Frameworks */ = {isa = PBXBuildFile; fileRef = 45E33DD60013F5E55338A8A6 /* Foundation.framework */; };
		9F6AAA6A0D064C84F11F3776 /* ImageCompressionEngine.swift in Sources */ = {isa = PBXBuildFile; fileRef = 5FDC85AFCDEA50A0FA5F32E9 /* ImageCompressionEngine.swift */; };
		A218F6C3AF43C8A21C7FBB5A /* FileImportService.swift in Sources */ = {isa = PBXBuildFile; fileRef = 69A9107BF3BE4ABBEF0AEFB6 /* FileImportService.swift */; };
		A961AB508AE4893091758B08 /* ArchiveCompressionEngine.swift in Sources */ = {isa = PBXBuildFile; fileRef = 8EB2CC2C1F673B1289BE71C0 /* ArchiveCompressionEngine.swift */; };
		B424EDF686C7B3CEEF55670F /* Assets.xcassets in Resources */ = {isa = PBXBuildFile; fileRef = 647FAE6EA199583FCCE0A6A4 /* Assets.xcassets */; };
		B59A7573C6D60BE777148390 /* Foundation.framework in Frameworks */ = {isa = PBXBuildFile; fileRef = 45E33DD60013F5E55338A8A6 /* Foundation.framework */; };
		BD6A22D01F7064BFA8757250 /* FilePreviewView.swift in Sources */ = {isa = PBXBuildFile; fileRef = 7AD9BE9E750829A2E5B8F9F1 /* FilePreviewView.swift */; };
		C010AC2C6D0629FD5C3194CB /* ShareViewController.swift in Sources */ = {isa = PBXBuildFile; fileRef = 979B4644137A2729D01ED54F /* ShareViewController.swift */; };
		CC7DE946B8DD6B56C4CA19E6 /* CompressionCancellationTests.swift in Sources */ = {isa = PBXBuildFile; fileRef = 4FB2A376674E4B772BB6703C /* CompressionCancellationTests.swift */; };
		CECFC50A441C34F1F2EEFCE4 /* CompressionEngine.swift in Sources */ = {isa = PBXBuildFile; fileRef = 223032D6261750DEC0E9B850 /* CompressionEngine.swift */; };
		DA7A77118BFCB70554E123DE /* Formatters.swift in Sources */ = {isa = PBXBuildFile; fileRef = 798067F758FB58A80CE70463 /* Formatters.swift */; };
		DDB922CF4D07B80D57EBD686 /* CompressionModels.swift in Sources */ = {isa = PBXBuildFile; fileRef = 524FBD2F38F7BF303A10E342 /* CompressionModels.swift */; };
		E31A5F3859BB99E3B990D374 /* ShareSheet.swift in Sources */ = {isa = PBXBuildFile; fileRef = 3FE6A78A2F9FAB6493B198E6 /* ShareSheet.swift */; };
		E8A01C14C54B6DD41C9C3BC9 /* LocalFileDietApp.swift in Sources */ = {isa = PBXBuildFile; fileRef = 2C735DF38DEA448824F316DD /* LocalFileDietApp.swift */; };
		EC607B4FD9CBEF1BDD0CACAC /* PDFAnalyzerTests.swift in Sources */ = {isa = PBXBuildFile; fileRef = 6DC9FDBD6DAD79187F428936 /* PDFAnalyzerTests.swift */; };
		EF222A1790CD290FC6745BCA /* PhotoLibrarySaver.swift in Sources */ = {isa = PBXBuildFile; fileRef = E6870BAF1C932CC40DF1B204 /* PhotoLibrarySaver.swift */; };
		F14ED942FB74418314E19BD6 /* DocumentPicker.swift in Sources */ = {isa = PBXBuildFile; fileRef = F40666C83B6C39B3C1F6C398 /* DocumentPicker.swift */; };
		F1B4DCA4092A32C30437D925 /* PrivacyInfo.xcprivacy in Resources */ = {isa = PBXBuildFile; fileRef = 28ADC9F02D6B7D660271C82A /* PrivacyInfo.xcprivacy */; };
		F1FED5A55B4E67DCB98B6410 /* LocalFileDietUITests.swift in Sources */ = {isa = PBXBuildFile; fileRef = 33D5A7F5A71280747109E5C2 /* LocalFileDietUITests.swift */; };
		F3447FCB2448F43AC7710E74 /* TemporaryFileStore.swift in Sources */ = {isa = PBXBuildFile; fileRef = 99D33C9BB2C065BCBD9A5FE0 /* TemporaryFileStore.swift */; };
		F7932A924CDE4629CB2DD926 /* CompressionProgressView.swift in Sources */ = {isa = PBXBuildFile; fileRef = 308C496E09D27558C33161A0 /* CompressionProgressView.swift */; };
		FB3B25C827054E762D314F95 /* VideoCompressionEngine.swift in Sources */ = {isa = PBXBuildFile; fileRef = 1EB821949E57EC9633D4B920 /* VideoCompressionEngine.swift */; };
		FE30BE54BEC8BE314D73F2B7 /* FileReviewView.swift in Sources */ = {isa = PBXBuildFile; fileRef = 5485FEBB0F128CBCA120D940 /* FileReviewView.swift */; };
/* End PBXBuildFile section */

/* Begin PBXContainerItemProxy section */
		5929325E3E262EA554A66385 /* PBXContainerItemProxy */ = {
			isa = PBXContainerItemProxy;
			containerPortal = 4C8511783766C57092E5705D /* Project object */;
			proxyType = 1;
			remoteGlobalIDString = 1485F17057B31766448FE6EE;
			remoteInfo = LocalFileDietShareExtension;
		};
		A1F61D726F4D0A5D43ACF80D /* PBXContainerItemProxy */ = {
			isa = PBXContainerItemProxy;
			containerPortal = 4C8511783766C57092E5705D /* Project object */;
			proxyType = 1;
			remoteGlobalIDString = 9C6D40709D9432FD4E9996EA;
			remoteInfo = LocalFileDiet;
		};
		BEE3D702D5C7E8EDA3A32584 /* PBXContainerItemProxy */ = {
			isa = PBXContainerItemProxy;
			containerPortal = 4C8511783766C57092E5705D /* Project object */;
			proxyType = 1;
			remoteGlobalIDString = 9C6D40709D9432FD4E9996EA;
			remoteInfo = LocalFileDiet;
		};
/* End PBXContainerItemProxy section */

/* Begin PBXCopyFilesBuildPhase section */
		FBC088053B5A0548F14F80FB /* Embed Foundation Extensions */ = {
			isa = PBXCopyFilesBuildPhase;
			buildActionMask = 2147483647;
			dstPath = "";
			dstSubfolderSpec = 13;
			files = (
				234639078CC6C8C77B025489 /* Local File Diet Share.appex in Embed Foundation Extensions */,
			);
			name = "Embed Foundation Extensions";
			runOnlyForDeploymentPostprocessing = 0;
		};
/* End PBXCopyFilesBuildPhase section */

/* Begin PBXFileReference section */
		03342CE95686810F6C37124C /* FileTypeDetectorTests.swift */ = {isa = PBXFileReference; includeInIndex = 1; lastKnownFileType = sourcecode.swift; name = FileTypeDetectorTests.swift; path = LocalFileDietTests/FileTypeDetectorTests.swift; sourceTree = "<group>"; };
		0D763C2A2A69DEB3B2D47FD5 /* ResultView.swift */ = {isa = PBXFileReference; includeInIndex = 1; lastKnownFileType = sourcecode.swift; name = ResultView.swift; path = LocalFileDiet/Features/Result/ResultView.swift; sourceTree = "<group>"; };
		0F6A78EE31D4916A43FB8D9A /* Local File Diet Share.appex */ = {isa = PBXFileReference; explicitFileType = "wrapper.app-extension"; includeInIndex = 0; path = "Local File Diet Share.appex"; sourceTree = BUILT_PRODUCTS_DIR; };
		134A679F8ED864BAC2BE6D41 /* TemporaryFileStoreTests.swift */ = {isa = PBXFileReference; includeInIndex = 1; lastKnownFileType = sourcecode.swift; name = TemporaryFileStoreTests.swift; path = LocalFileDietTests/TemporaryFileStoreTests.swift; sourceTree = "<group>"; };
		15A70AA12A815CC95797B7D8 /* ShareExtension.entitlements */ = {isa = PBXFileReference; includeInIndex = 1; lastKnownFileType = text.plist.entitlements; name = ShareExtension.entitlements; path = LocalFileDietShareExtension/ShareExtension.entitlements; sourceTree = "<group>"; };
		17233085FEAC97CC59CB1D80 /* HistoryStore.swift */ = {isa = PBXFileReference; includeInIndex = 1; lastKnownFileType = sourcecode.swift; name = HistoryStore.swift; path = LocalFileDiet/Core/Persistence/HistoryStore.swift; sourceTree = "<group>"; };
		1B6345439EE1788D989BDB94 /* ImageCompressionEngineTests.swift */ = {isa = PBXFileReference; includeInIndex = 1; lastKnownFileType = sourcecode.swift; name = ImageCompressionEngineTests.swift; path = LocalFileDietTests/ImageCompressionEngineTests.swift; sourceTree = "<group>"; };
		1EB821949E57EC9633D4B920 /* VideoCompressionEngine.swift */ = {isa = PBXFileReference; includeInIndex = 1; lastKnownFileType = sourcecode.swift; name = VideoCompressionEngine.swift; path = LocalFileDiet/Core/Compression/VideoCompressionEngine.swift; sourceTree = "<group>"; };
		223032D6261750DEC0E9B850 /* CompressionEngine.swift */ = {isa = PBXFileReference; includeInIndex = 1; lastKnownFileType = sourcecode.swift; name = CompressionEngine.swift; path = LocalFileDiet/Core/Compression/CompressionEngine.swift; sourceTree = "<group>"; };
		28ADC9F02D6B7D660271C82A /* PrivacyInfo.xcprivacy */ = {isa = PBXFileReference; includeInIndex = 1; lastKnownFileType = text.xml; name = PrivacyInfo.xcprivacy; path = LocalFileDiet/Resources/PrivacyInfo.xcprivacy; sourceTree = "<group>"; };
		2C735DF38DEA448824F316DD /* LocalFileDietApp.swift */ = {isa = PBXFileReference; includeInIndex = 1; lastKnownFileType = sourcecode.swift; name = LocalFileDietApp.swift; path = LocalFileDiet/App/LocalFileDietApp.swift; sourceTree = "<group>"; };
		308C496E09D27558C33161A0 /* CompressionProgressView.swift */ = {isa = PBXFileReference; includeInIndex = 1; lastKnownFileType = sourcecode.swift; name = CompressionProgressView.swift; path = LocalFileDiet/Features/CompressionProgress/CompressionProgressView.swift; sourceTree = "<group>"; };
		32C43AC70BE38F34AF26DD7F /* Localizable.xcstrings */ = {isa = PBXFileReference; includeInIndex = 1; lastKnownFileType = text.json.xcstrings; name = Localizable.xcstrings; path = LocalFileDiet/Resources/Localizable.xcstrings; sourceTree = "<group>"; };
		33D5A7F5A71280747109E5C2 /* LocalFileDietUITests.swift */ = {isa = PBXFileReference; includeInIndex = 1; lastKnownFileType = sourcecode.swift; name = LocalFileDietUITests.swift; path = LocalFileDietUITests/LocalFileDietUITests.swift; sourceTree = "<group>"; };
		398EFB64A273077F6DAE82DE /* Local File Diet.app */ = {isa = PBXFileReference; explicitFileType = wrapper.application; includeInIndex = 0; path = "Local File Diet.app"; sourceTree = BUILT_PRODUCTS_DIR; };
		3D712F758E48407BF1A87EA3 /* AppError.swift */ = {isa = PBXFileReference; includeInIndex = 1; lastKnownFileType = sourcecode.swift; name = AppError.swift; path = LocalFileDiet/Core/Models/AppError.swift; sourceTree = "<group>"; };
		3FE6A78A2F9FAB6493B198E6 /* ShareSheet.swift */ = {isa = PBXFileReference; includeInIndex = 1; lastKnownFileType = sourcecode.swift; name = ShareSheet.swift; path = LocalFileDiet/Core/FileExport/ShareSheet.swift; sourceTree = "<group>"; };
		45E33DD60013F5E55338A8A6 /* Foundation.framework */ = {isa = PBXFileReference; lastKnownFileType = wrapper.framework; name = Foundation.framework; path = Platforms/iPhoneOS.platform/Developer/SDKs/iPhoneOS18.0.sdk/System/Library/Frameworks/Foundation.framework; sourceTree = DEVELOPER_DIR; };
		4B2BA1DF1C1E1CDC9669F1AA /* AppRootView.swift */ = {isa = PBXFileReference; includeInIndex = 1; lastKnownFileType = sourcecode.swift; name = AppRootView.swift; path = LocalFileDiet/App/AppRootView.swift; sourceTree = "<group>"; };
		4FB2A376674E4B772BB6703C /* CompressionCancellationTests.swift */ = {isa = PBXFileReference; includeInIndex = 1; lastKnownFileType = sourcecode.swift; name = CompressionCancellationTests.swift; path = LocalFileDietTests/CompressionCancellationTests.swift; sourceTree = "<group>"; };
		524FBD2F38F7BF303A10E342 /* CompressionModels.swift */ = {isa = PBXFileReference; includeInIndex = 1; lastKnownFileType = sourcecode.swift; name = CompressionModels.swift; path = LocalFileDiet/Core/Models/CompressionModels.swift; sourceTree = "<group>"; };
		5485FEBB0F128CBCA120D940 /* FileReviewView.swift */ = {isa = PBXFileReference; includeInIndex = 1; lastKnownFileType = sourcecode.swift; name = FileReviewView.swift; path = LocalFileDiet/Features/FileReview/FileReviewView.swift; sourceTree = "<group>"; };
		5DB5E36B4CBCB3F414A759C8 /* HomeView.swift */ = {isa = PBXFileReference; includeInIndex = 1; lastKnownFileType = sourcecode.swift; name = HomeView.swift; path = LocalFileDiet/Features/Home/HomeView.swift; sourceTree = "<group>"; };
		5FDC85AFCDEA50A0FA5F32E9 /* ImageCompressionEngine.swift */ = {isa = PBXFileReference; includeInIndex = 1; lastKnownFileType = sourcecode.swift; name = ImageCompressionEngine.swift; path = LocalFileDiet/Core/Compression/ImageCompressionEngine.swift; sourceTree = "<group>"; };
		647FAE6EA199583FCCE0A6A4 /* Assets.xcassets */ = {isa = PBXFileReference; includeInIndex = 1; lastKnownFileType = folder.assetcatalog; name = Assets.xcassets; path = LocalFileDiet/Resources/Assets.xcassets; sourceTree = "<group>"; };
		69A9107BF3BE4ABBEF0AEFB6 /* FileImportService.swift */ = {isa = PBXFileReference; includeInIndex = 1; lastKnownFileType = sourcecode.swift; name = FileImportService.swift; path = LocalFileDiet/Core/FileImport/FileImportService.swift; sourceTree = "<group>"; };
		69C136263B012BB0812841B2 /* SettingsView.swift */ = {isa = PBXFileReference; includeInIndex = 1; lastKnownFileType = sourcecode.swift; name = SettingsView.swift; path = LocalFileDiet/Features/Settings/SettingsView.swift; sourceTree = "<group>"; };
		6DC9FDBD6DAD79187F428936 /* PDFAnalyzerTests.swift */ = {isa = PBXFileReference; includeInIndex = 1; lastKnownFileType = sourcecode.swift; name = PDFAnalyzerTests.swift; path = LocalFileDietTests/PDFAnalyzerTests.swift; sourceTree = "<group>"; };
		7290C3C57AEAD89BFE68E9D8 /* PDFCompressionEngine.swift */ = {isa = PBXFileReference; includeInIndex = 1; lastKnownFileType = sourcecode.swift; name = PDFCompressionEngine.swift; path = LocalFileDiet/Core/Compression/PDFCompressionEngine.swift; sourceTree = "<group>"; };
		75BA10520C9AA9887E33BC8C /* Info.plist */ = {isa = PBXFileReference; includeInIndex = 1; lastKnownFileType = text.plist.xml; name = Info.plist; path = LocalFileDiet/Support/Info.plist; sourceTree = "<group>"; };
		769420965302517389AB3F8C /* LocalFileDietUITests.xctest */ = {isa = PBXFileReference; explicitFileType = wrapper.cfbundle; includeInIndex = 0; path = LocalFileDietUITests.xctest; sourceTree = BUILT_PRODUCTS_DIR; };
		798067F758FB58A80CE70463 /* Formatters.swift */ = {isa = PBXFileReference; includeInIndex = 1; lastKnownFileType = sourcecode.swift; name = Formatters.swift; path = LocalFileDiet/Core/Models/Formatters.swift; sourceTree = "<group>"; };
		7AD9BE9E750829A2E5B8F9F1 /* FilePreviewView.swift */ = {isa = PBXFileReference; includeInIndex = 1; lastKnownFileType = sourcecode.swift; name = FilePreviewView.swift; path = LocalFileDiet/Core/Preview/FilePreviewView.swift; sourceTree = "<group>"; };
		8592C914EAF296786A93111C /* AppLogger.swift */ = {isa = PBXFileReference; includeInIndex = 1; lastKnownFileType = sourcecode.swift; name = AppLogger.swift; path = LocalFileDiet/Core/Logging/AppLogger.swift; sourceTree = "<group>"; };
		8EB2CC2C1F673B1289BE71C0 /* ArchiveCompressionEngine.swift */ = {isa = PBXFileReference; includeInIndex = 1; lastKnownFileType = sourcecode.swift; name = ArchiveCompressionEngine.swift; path = LocalFileDiet/Core/Compression/ArchiveCompressionEngine.swift; sourceTree = "<group>"; };
		979B4644137A2729D01ED54F /* ShareViewController.swift */ = {isa = PBXFileReference; includeInIndex = 1; lastKnownFileType = sourcecode.swift; name = ShareViewController.swift; path = LocalFileDietShareExtension/ShareViewController.swift; sourceTree = "<group>"; };
		99953C922C60FBC3F73060B0 /* DocumentExporter.swift */ = {isa = PBXFileReference; includeInIndex = 1; lastKnownFileType = sourcecode.swift; name = DocumentExporter.swift; path = LocalFileDiet/Core/FileExport/DocumentExporter.swift; sourceTree = "<group>"; };
		99D33C9BB2C065BCBD9A5FE0 /* TemporaryFileStore.swift */ = {isa = PBXFileReference; includeInIndex = 1; lastKnownFileType = sourcecode.swift; name = TemporaryFileStore.swift; path = LocalFileDiet/Core/FileImport/TemporaryFileStore.swift; sourceTree = "<group>"; };
		B324323A207E4ABBD4DA95C1 /* Info.plist */ = {isa = PBXFileReference; includeInIndex = 1; lastKnownFileType = text.plist.xml; name = Info.plist; path = LocalFileDietShareExtension/Info.plist; sourceTree = "<group>"; };
		BEC2D51A34FA7E768ECC4F81 /* CompressionHelpers.swift */ = {isa = PBXFileReference; includeInIndex = 1; lastKnownFileType = sourcecode.swift; name = CompressionHelpers.swift; path = LocalFileDiet/Core/Compression/CompressionHelpers.swift; sourceTree = "<group>"; };
		CFC3C0FB246054CB2D32A93B /* LocalFileDiet.entitlements */ = {isa = PBXFileReference; includeInIndex = 1; lastKnownFileType = text.plist.entitlements; name = LocalFileDiet.entitlements; path = LocalFileDiet/Support/LocalFileDiet.entitlements; sourceTree = "<group>"; };
		D0E71F8570926D5C7170B8AE /* FileTypeDetector.swift */ = {isa = PBXFileReference; includeInIndex = 1; lastKnownFileType = sourcecode.swift; name = FileTypeDetector.swift; path = LocalFileDiet/Core/FileImport/FileTypeDetector.swift; sourceTree = "<group>"; };
		D5B3843CBA99B1EC73A967D5 /* LocalFileDietTests.xctest */ = {isa = PBXFileReference; explicitFileType = wrapper.cfbundle; includeInIndex = 0; path = LocalFileDietTests.xctest; sourceTree = BUILT_PRODUCTS_DIR; };
		E6870BAF1C932CC40DF1B204 /* PhotoLibrarySaver.swift */ = {isa = PBXFileReference; includeInIndex = 1; lastKnownFileType = sourcecode.swift; name = PhotoLibrarySaver.swift; path = LocalFileDiet/Core/FileExport/PhotoLibrarySaver.swift; sourceTree = "<group>"; };
		EB2A34CF6FA3F4AEAA9B98D4 /* PhotoPickerTransfer.swift */ = {isa = PBXFileReference; includeInIndex = 1; lastKnownFileType = sourcecode.swift; name = PhotoPickerTransfer.swift; path = LocalFileDiet/Core/FileImport/PhotoPickerTransfer.swift; sourceTree = "<group>"; };
		ECD5C6F8A0161449030F2CBD /* AppEnvironment.swift */ = {isa = PBXFileReference; includeInIndex = 1; lastKnownFileType = sourcecode.swift; name = AppEnvironment.swift; path = LocalFileDiet/App/AppEnvironment.swift; sourceTree = "<group>"; };
		EF794AF0E4F152FADE07BFAE /* CoreUtilityTests.swift */ = {isa = PBXFileReference; includeInIndex = 1; lastKnownFileType = sourcecode.swift; name = CoreUtilityTests.swift; path = LocalFileDietTests/CoreUtilityTests.swift; sourceTree = "<group>"; };
		F40666C83B6C39B3C1F6C398 /* DocumentPicker.swift */ = {isa = PBXFileReference; includeInIndex = 1; lastKnownFileType = sourcecode.swift; name = DocumentPicker.swift; path = LocalFileDiet/Core/FileImport/DocumentPicker.swift; sourceTree = "<group>"; };
/* End PBXFileReference section */

/* Begin PBXFrameworksBuildPhase section */
		22AEBE60418DF563F1A33A57 /* Frameworks */ = {
			isa = PBXFrameworksBuildPhase;
			buildActionMask = 2147483647;
			files = (
				115954CC86E1FF8E327AAFE7 /* Foundation.framework in Frameworks */,
			);
			runOnlyForDeploymentPostprocessing = 0;
		};
		8418AC10483ADDDBC968D88F /* Frameworks */ = {
			isa = PBXFrameworksBuildPhase;
			buildActionMask = 2147483647;
			files = (
				2661AA13A7D367E435392718 /* Foundation.framework in Frameworks */,
			);
			runOnlyForDeploymentPostprocessing = 0;
		};
		BE7DFED36928310D90CEA6F1 /* Frameworks */ = {
			isa = PBXFrameworksBuildPhase;
			buildActionMask = 2147483647;
			files = (
				B59A7573C6D60BE777148390 /* Foundation.framework in Frameworks */,
			);
			runOnlyForDeploymentPostprocessing = 0;
		};
		ECAB1BB04BB668FE9694026F /* Frameworks */ = {
			isa = PBXFrameworksBuildPhase;
			buildActionMask = 2147483647;
			files = (
				9F2BD3800DD6AB51D1934372 /* Foundation.framework in Frameworks */,
			);
			runOnlyForDeploymentPostprocessing = 0;
		};
/* End PBXFrameworksBuildPhase section */

/* Begin PBXGroup section */
		14545692EE3A626A840ACD44 /* LocalFileDietUITests */ = {
			isa = PBXGroup;
			children = (
				33D5A7F5A71280747109E5C2 /* LocalFileDietUITests.swift */,
			);
			name = LocalFileDietUITests;
			sourceTree = "<group>";
		};
		1B0BD7EC4FC62A90FD80D642 /* Features */ = {
			isa = PBXGroup;
			children = (
				B190E9DAA7BA3D3D93094097 /* CompressionProgress */,
				C34FA3BC2BF6DD6061213D58 /* FileReview */,
				C3FDDBCC76A6E8227FD91B39 /* Home */,
				F8E1E5708183A9C82F9625A8 /* Result */,
				4D1873B704249D7A1358A0EC /* Settings */,
			);
			name = Features;
			sourceTree = "<group>";
		};
		1B55A2A90F12AEBBF16C5DF9 /* FileImport */ = {
			isa = PBXGroup;
			children = (
				F40666C83B6C39B3C1F6C398 /* DocumentPicker.swift */,
				69A9107BF3BE4ABBEF0AEFB6 /* FileImportService.swift */,
				D0E71F8570926D5C7170B8AE /* FileTypeDetector.swift */,
				EB2A34CF6FA3F4AEAA9B98D4 /* PhotoPickerTransfer.swift */,
				99D33C9BB2C065BCBD9A5FE0 /* TemporaryFileStore.swift */,
			);
			name = FileImport;
			sourceTree = "<group>";
		};
		239F717FE8F64CA151F5ECF7 /* Products */ = {
			isa = PBXGroup;
			children = (
				398EFB64A273077F6DAE82DE /* Local File Diet.app */,
				0F6A78EE31D4916A43FB8D9A /* Local File Diet Share.appex */,
				D5B3843CBA99B1EC73A967D5 /* LocalFileDietTests.xctest */,
				769420965302517389AB3F8C /* LocalFileDietUITests.xctest */,
			);
			name = Products;
			sourceTree = "<group>";
		};
		249AC4F1BFBB4990D70D2B2D /* Frameworks */ = {
			isa = PBXGroup;
			children = (
				2E4E3F28985A886436FAE103 /* iOS */,
			);
			name = Frameworks;
			sourceTree = "<group>";
		};
		2E4E3F28985A886436FAE103 /* iOS */ = {
			isa = PBXGroup;
			children = (
				45E33DD60013F5E55338A8A6 /* Foundation.framework */,
			);
			name = iOS;
			sourceTree = "<group>";
		};
		3FD55437FF040A89C58CAEB3 /* Preview */ = {
			isa = PBXGroup;
			children = (
				7AD9BE9E750829A2E5B8F9F1 /* FilePreviewView.swift */,
			);
			name = Preview;
			sourceTree = "<group>";
		};
		4D1873B704249D7A1358A0EC /* Settings */ = {
			isa = PBXGroup;
			children = (
				69C136263B012BB0812841B2 /* SettingsView.swift */,
			);
			name = Settings;
			sourceTree = "<group>";
		};
		50F36D77E2397C2D50B92ACD /* Persistence */ = {
			isa = PBXGroup;
			children = (
				17233085FEAC97CC59CB1D80 /* HistoryStore.swift */,
			);
			name = Persistence;
			sourceTree = "<group>";
		};
		521AF73AC4E44640786FA162 /* Compression */ = {
			isa = PBXGroup;
			children = (
				8EB2CC2C1F673B1289BE71C0 /* ArchiveCompressionEngine.swift */,
				223032D6261750DEC0E9B850 /* CompressionEngine.swift */,
				BEC2D51A34FA7E768ECC4F81 /* CompressionHelpers.swift */,
				5FDC85AFCDEA50A0FA5F32E9 /* ImageCompressionEngine.swift */,
				7290C3C57AEAD89BFE68E9D8 /* PDFCompressionEngine.swift */,
				1EB821949E57EC9633D4B920 /* VideoCompressionEngine.swift */,
			);
			name = Compression;
			sourceTree = "<group>";
		};
		6BD92A18867239721730AFF0 /* LocalFileDiet */ = {
			isa = PBXGroup;
			children = (
				A09851B2682937448A90DA43 /* App */,
				FF172F8969DB05C2B184C2EE /* Core */,
				1B0BD7EC4FC62A90FD80D642 /* Features */,
				8273D7CDD119AB59CD873A7E /* Resources */,
				84E8715A51B6FDE2B1ED6BDD /* Support */,
			);
			name = LocalFileDiet;
			sourceTree = "<group>";
		};
		7A432296B5D9902EA2761F6F /* LocalFileDietShareExtension */ = {
			isa = PBXGroup;
			children = (
				979B4644137A2729D01ED54F /* ShareViewController.swift */,
				B324323A207E4ABBD4DA95C1 /* Info.plist */,
				15A70AA12A815CC95797B7D8 /* ShareExtension.entitlements */,
			);
			name = LocalFileDietShareExtension;
			sourceTree = "<group>";
		};
		8273D7CDD119AB59CD873A7E /* Resources */ = {
			isa = PBXGroup;
			children = (
				647FAE6EA199583FCCE0A6A4 /* Assets.xcassets */,
				32C43AC70BE38F34AF26DD7F /* Localizable.xcstrings */,
				28ADC9F02D6B7D660271C82A /* PrivacyInfo.xcprivacy */,
			);
			name = Resources;
			sourceTree = "<group>";
		};
		84E8715A51B6FDE2B1ED6BDD /* Support */ = {
			isa = PBXGroup;
			children = (
				75BA10520C9AA9887E33BC8C /* Info.plist */,
				CFC3C0FB246054CB2D32A93B /* LocalFileDiet.entitlements */,
			);
			name = Support;
			sourceTree = "<group>";
		};
		A09851B2682937448A90DA43 /* App */ = {
			isa = PBXGroup;
			children = (
				ECD5C6F8A0161449030F2CBD /* AppEnvironment.swift */,
				4B2BA1DF1C1E1CDC9669F1AA /* AppRootView.swift */,
				2C735DF38DEA448824F316DD /* LocalFileDietApp.swift */,
			);
			name = App;
			sourceTree = "<group>";
		};
		B190E9DAA7BA3D3D93094097 /* CompressionProgress */ = {
			isa = PBXGroup;
			children = (
				308C496E09D27558C33161A0 /* CompressionProgressView.swift */,
			);
			name = CompressionProgress;
			sourceTree = "<group>";
		};
		B2207E7B83568E47D8113869 /* LocalFileDietTests */ = {
			isa = PBXGroup;
			children = (
				4FB2A376674E4B772BB6703C /* CompressionCancellationTests.swift */,
				EF794AF0E4F152FADE07BFAE /* CoreUtilityTests.swift */,
				03342CE95686810F6C37124C /* FileTypeDetectorTests.swift */,
				1B6345439EE1788D989BDB94 /* ImageCompressionEngineTests.swift */,
				6DC9FDBD6DAD79187F428936 /* PDFAnalyzerTests.swift */,
				134A679F8ED864BAC2BE6D41 /* TemporaryFileStoreTests.swift */,
			);
			name = LocalFileDietTests;
			sourceTree = "<group>";
		};
		B77C4BC420DF6904434BFEC5 /* FileExport */ = {
			isa = PBXGroup;
			children = (
				99953C922C60FBC3F73060B0 /* DocumentExporter.swift */,
				E6870BAF1C932CC40DF1B204 /* PhotoLibrarySaver.swift */,
				3FE6A78A2F9FAB6493B198E6 /* ShareSheet.swift */,
			);
			name = FileExport;
			sourceTree = "<group>";
		};
		C34FA3BC2BF6DD6061213D58 /* FileReview */ = {
			isa = PBXGroup;
			children = (
				5485FEBB0F128CBCA120D940 /* FileReviewView.swift */,
			);
			name = FileReview;
			sourceTree = "<group>";
		};
		C3FDDBCC76A6E8227FD91B39 /* Home */ = {
			isa = PBXGroup;
			children = (
				5DB5E36B4CBCB3F414A759C8 /* HomeView.swift */,
			);
			name = Home;
			sourceTree = "<group>";
		};
		D597365CE13D713AD607C01E = {
			isa = PBXGroup;
			children = (
				239F717FE8F64CA151F5ECF7 /* Products */,
				249AC4F1BFBB4990D70D2B2D /* Frameworks */,
				6BD92A18867239721730AFF0 /* LocalFileDiet */,
				B2207E7B83568E47D8113869 /* LocalFileDietTests */,
				14545692EE3A626A840ACD44 /* LocalFileDietUITests */,
				7A432296B5D9902EA2761F6F /* LocalFileDietShareExtension */,
			);
			sourceTree = "<group>";
		};
		DACDFA9BFD8816E4D6A38198 /* Models */ = {
			isa = PBXGroup;
			children = (
				3D712F758E48407BF1A87EA3 /* AppError.swift */,
				524FBD2F38F7BF303A10E342 /* CompressionModels.swift */,
				798067F758FB58A80CE70463 /* Formatters.swift */,
			);
			name = Models;
			sourceTree = "<group>";
		};
		F8E1E5708183A9C82F9625A8 /* Result */ = {
			isa = PBXGroup;
			children = (
				0D763C2A2A69DEB3B2D47FD5 /* ResultView.swift */,
			);
			name = Result;
			sourceTree = "<group>";
		};
		FC7A325F563714D1C42CEB4E /* Logging */ = {
			isa = PBXGroup;
			children = (
				8592C914EAF296786A93111C /* AppLogger.swift */,
			);
			name = Logging;
			sourceTree = "<group>";
		};
		FF172F8969DB05C2B184C2EE /* Core */ = {
			isa = PBXGroup;
			children = (
				521AF73AC4E44640786FA162 /* Compression */,
				B77C4BC420DF6904434BFEC5 /* FileExport */,
				1B55A2A90F12AEBBF16C5DF9 /* FileImport */,
				FC7A325F563714D1C42CEB4E /* Logging */,
				DACDFA9BFD8816E4D6A38198 /* Models */,
				50F36D77E2397C2D50B92ACD /* Persistence */,
				3FD55437FF040A89C58CAEB3 /* Preview */,
			);
			name = Core;
			sourceTree = "<group>";
		};
/* End PBXGroup section */

/* Begin PBXNativeTarget section */
		1485F17057B31766448FE6EE /* LocalFileDietShareExtension */ = {
			isa = PBXNativeTarget;
			buildConfigurationList = 6106805DD7BD92E81103E926 /* Build configuration list for PBXNativeTarget "LocalFileDietShareExtension" */;
			buildPhases = (
				F37B2F085606D071BCA76957 /* Sources */,
				8418AC10483ADDDBC968D88F /* Frameworks */,
				B17D35200A279F47AD626DBE /* Resources */,
			);
			buildRules = (
			);
			dependencies = (
			);
			name = LocalFileDietShareExtension;
			productName = LocalFileDietShareExtension;
			productReference = 0F6A78EE31D4916A43FB8D9A /* Local File Diet Share.appex */;
			productType = "com.apple.product-type.app-extension";
		};
		47C67C3DCC1E8695166B3042 /* LocalFileDietTests */ = {
			isa = PBXNativeTarget;
			buildConfigurationList = 96EA423CDD07309F938077D2 /* Build configuration list for PBXNativeTarget "LocalFileDietTests" */;
			buildPhases = (
				AC08DC07137C6E6FC8A8828D /* Sources */,
				ECAB1BB04BB668FE9694026F /* Frameworks */,
				2B87E25336FEB2A9F8521978 /* Resources */,
			);
			buildRules = (
			);
			dependencies = (
				29DFB375F2AF0933DC9B55C8 /* PBXTargetDependency */,
			);
			name = LocalFileDietTests;
			productName = LocalFileDietTests;
			productReference = D5B3843CBA99B1EC73A967D5 /* LocalFileDietTests.xctest */;
			productType = "com.apple.product-type.bundle.unit-test";
		};
		9C6D40709D9432FD4E9996EA /* LocalFileDiet */ = {
			isa = PBXNativeTarget;
			buildConfigurationList = 3C03FBFBECD9083D693030DC /* Build configuration list for PBXNativeTarget "LocalFileDiet" */;
			buildPhases = (
				22BB95493449CB053BD97CD8 /* Sources */,
				22AEBE60418DF563F1A33A57 /* Frameworks */,
				64CB04DF1EA596511FE9F81B /* Resources */,
				FBC088053B5A0548F14F80FB /* Embed Foundation Extensions */,
			);
			buildRules = (
			);
			dependencies = (
				2CD1382440BD674110D5A6F0 /* PBXTargetDependency */,
			);
			name = LocalFileDiet;
			productName = LocalFileDiet;
			productReference = 398EFB64A273077F6DAE82DE /* Local File Diet.app */;
			productType = "com.apple.product-type.application";
		};
		AD57E5B2563573C95B9D07C9 /* LocalFileDietUITests */ = {
			isa = PBXNativeTarget;
			buildConfigurationList = C824FA1DFFE4885F0B39FD4B /* Build configuration list for PBXNativeTarget "LocalFileDietUITests" */;
			buildPhases = (
				A6F484C1F0F278A8437EE653 /* Sources */,
				BE7DFED36928310D90CEA6F1 /* Frameworks */,
				92775DA7556E88AD1A0D3147 /* Resources */,
			);
			buildRules = (
			);
			dependencies = (
				63B081FD517582536B7576D1 /* PBXTargetDependency */,
			);
			name = LocalFileDietUITests;
			productName = LocalFileDietUITests;
			productReference = 769420965302517389AB3F8C /* LocalFileDietUITests.xctest */;
			productType = "com.apple.product-type.bundle.ui-testing";
		};
/* End PBXNativeTarget section */

/* Begin PBXProject section */
		4C8511783766C57092E5705D /* Project object */ = {
			isa = PBXProject;
			attributes = {
				BuildIndependentTargetsInParallel = YES;
				LastSwiftUpdateCheck = 1600;
				LastUpgradeCheck = 2650;
				ORGANIZATIONNAME = "simo-hue";
				TargetAttributes = {
					1485F17057B31766448FE6EE = {
						CreatedOnToolsVersion = 26.5;
						SystemCapabilities = {
							com.apple.ApplicationGroups.iOS = {
								enabled = 1;
							};
						};
					};
					9C6D40709D9432FD4E9996EA = {
						CreatedOnToolsVersion = 26.5;
						SystemCapabilities = {
							com.apple.ApplicationGroups.iOS = {
								enabled = 1;
							};
						};
					};
				};
			};
			buildConfigurationList = 0C268009BA8DCE875276BA6F /* Build configuration list for PBXProject "LocalFileDiet" */;
			compatibilityVersion = "Xcode 3.2";
			developmentRegion = en;
			hasScannedForEncodings = 0;
			knownRegions = (
				en,
				Base,
			);
			mainGroup = D597365CE13D713AD607C01E;
			productRefGroup = 239F717FE8F64CA151F5ECF7 /* Products */;
			projectDirPath = "";
			projectRoot = "";
			targets = (
				9C6D40709D9432FD4E9996EA /* LocalFileDiet */,
				1485F17057B31766448FE6EE /* LocalFileDietShareExtension */,
				47C67C3DCC1E8695166B3042 /* LocalFileDietTests */,
				AD57E5B2563573C95B9D07C9 /* LocalFileDietUITests */,
			);
		};
/* End PBXProject section */

/* Begin PBXResourcesBuildPhase section */
		2B87E25336FEB2A9F8521978 /* Resources */ = {
			isa = PBXResourcesBuildPhase;
			buildActionMask = 2147483647;
			files = (
			);
			runOnlyForDeploymentPostprocessing = 0;
		};
		64CB04DF1EA596511FE9F81B /* Resources */ = {
			isa = PBXResourcesBuildPhase;
			buildActionMask = 2147483647;
			files = (
				B424EDF686C7B3CEEF55670F /* Assets.xcassets in Resources */,
				00B66678AC83E76BAD1ED9C9 /* Localizable.xcstrings in Resources */,
				F1B4DCA4092A32C30437D925 /* PrivacyInfo.xcprivacy in Resources */,
			);
			runOnlyForDeploymentPostprocessing = 0;
		};
		92775DA7556E88AD1A0D3147 /* Resources */ = {
			isa = PBXResourcesBuildPhase;
			buildActionMask = 2147483647;
			files = (
			);
			runOnlyForDeploymentPostprocessing = 0;
		};
		B17D35200A279F47AD626DBE /* Resources */ = {
			isa = PBXResourcesBuildPhase;
			buildActionMask = 2147483647;
			files = (
			);
			runOnlyForDeploymentPostprocessing = 0;
		};
/* End PBXResourcesBuildPhase section */

/* Begin PBXSourcesBuildPhase section */
		22BB95493449CB053BD97CD8 /* Sources */ = {
			isa = PBXSourcesBuildPhase;
			buildActionMask = 2147483647;
			files = (
				23BD704A9DB9D0E3AF5F268F /* AppEnvironment.swift in Sources */,
				8FD58BAFD4C7B34666B3C3F1 /* AppRootView.swift in Sources */,
				E8A01C14C54B6DD41C9C3BC9 /* LocalFileDietApp.swift in Sources */,
				A961AB508AE4893091758B08 /* ArchiveCompressionEngine.swift in Sources */,
				CECFC50A441C34F1F2EEFCE4 /* CompressionEngine.swift in Sources */,
				15568686E6ED095AE381A4E2 /* CompressionHelpers.swift in Sources */,
				9F6AAA6A0D064C84F11F3776 /* ImageCompressionEngine.swift in Sources */,
				7CB2D62C2B2BDF486F7B9E58 /* PDFCompressionEngine.swift in Sources */,
				FB3B25C827054E762D314F95 /* VideoCompressionEngine.swift in Sources */,
				189977AC37A526155493674A /* DocumentExporter.swift in Sources */,
				EF222A1790CD290FC6745BCA /* PhotoLibrarySaver.swift in Sources */,
				E31A5F3859BB99E3B990D374 /* ShareSheet.swift in Sources */,
				F14ED942FB74418314E19BD6 /* DocumentPicker.swift in Sources */,
				A218F6C3AF43C8A21C7FBB5A /* FileImportService.swift in Sources */,
				9EE743FABB3C161579ECCAA0 /* FileTypeDetector.swift in Sources */,
				3581AD2C5AE11B28E294A918 /* PhotoPickerTransfer.swift in Sources */,
				F3447FCB2448F43AC7710E74 /* TemporaryFileStore.swift in Sources */,
				89CC5B920D1D1DB2FE87D0D3 /* AppLogger.swift in Sources */,
				8ED06C52AF70C79A15B13A46 /* AppError.swift in Sources */,
				DDB922CF4D07B80D57EBD686 /* CompressionModels.swift in Sources */,
				DA7A77118BFCB70554E123DE /* Formatters.swift in Sources */,
				68AD133388E9E42FCE3783E6 /* HistoryStore.swift in Sources */,
				BD6A22D01F7064BFA8757250 /* FilePreviewView.swift in Sources */,
				F7932A924CDE4629CB2DD926 /* CompressionProgressView.swift in Sources */,
				FE30BE54BEC8BE314D73F2B7 /* FileReviewView.swift in Sources */,
				8BA79A531FA577E396508A56 /* HomeView.swift in Sources */,
				8A331258860B871BA69650E5 /* ResultView.swift in Sources */,
				3CFB34B3BF9B50914E09C552 /* SettingsView.swift in Sources */,
			);
			runOnlyForDeploymentPostprocessing = 0;
		};
		A6F484C1F0F278A8437EE653 /* Sources */ = {
			isa = PBXSourcesBuildPhase;
			buildActionMask = 2147483647;
			files = (
				F1FED5A55B4E67DCB98B6410 /* LocalFileDietUITests.swift in Sources */,
			);
			runOnlyForDeploymentPostprocessing = 0;
		};
		AC08DC07137C6E6FC8A8828D /* Sources */ = {
			isa = PBXSourcesBuildPhase;
			buildActionMask = 2147483647;
			files = (
				CC7DE946B8DD6B56C4CA19E6 /* CompressionCancellationTests.swift in Sources */,
				5F86C5F7556D46BA3789BD9F /* CoreUtilityTests.swift in Sources */,
				1B18B73C3C04E0209CAF982E /* FileTypeDetectorTests.swift in Sources */,
				4E9A1C08765C02DF69EA20D0 /* ImageCompressionEngineTests.swift in Sources */,
				EC607B4FD9CBEF1BDD0CACAC /* PDFAnalyzerTests.swift in Sources */,
				29579B4960799E2296A92887 /* TemporaryFileStoreTests.swift in Sources */,
			);
			runOnlyForDeploymentPostprocessing = 0;
		};
		F37B2F085606D071BCA76957 /* Sources */ = {
			isa = PBXSourcesBuildPhase;
			buildActionMask = 2147483647;
			files = (
				C010AC2C6D0629FD5C3194CB /* ShareViewController.swift in Sources */,
			);
			runOnlyForDeploymentPostprocessing = 0;
		};
/* End PBXSourcesBuildPhase section */

/* Begin PBXTargetDependency section */
		29DFB375F2AF0933DC9B55C8 /* PBXTargetDependency */ = {
			isa = PBXTargetDependency;
			name = LocalFileDiet;
			target = 9C6D40709D9432FD4E9996EA /* LocalFileDiet */;
			targetProxy = BEE3D702D5C7E8EDA3A32584 /* PBXContainerItemProxy */;
		};
		2CD1382440BD674110D5A6F0 /* PBXTargetDependency */ = {
			isa = PBXTargetDependency;
			name = LocalFileDietShareExtension;
			target = 1485F17057B31766448FE6EE /* LocalFileDietShareExtension */;
			targetProxy = 5929325E3E262EA554A66385 /* PBXContainerItemProxy */;
		};
		63B081FD517582536B7576D1 /* PBXTargetDependency */ = {
			isa = PBXTargetDependency;
			name = LocalFileDiet;
			target = 9C6D40709D9432FD4E9996EA /* LocalFileDiet */;
			targetProxy = A1F61D726F4D0A5D43ACF80D /* PBXContainerItemProxy */;
		};
/* End PBXTargetDependency section */

/* Begin XCBuildConfiguration section */
		2BE2877A8A3F357275D86616 /* Debug */ = {
			isa = XCBuildConfiguration;
			buildSettings = {
				BUNDLE_LOADER = "$(TEST_HOST)";
				CLANG_ENABLE_OBJC_WEAK = NO;
				CODE_SIGN_STYLE = Automatic;
				CURRENT_PROJECT_VERSION = 1;
				DEVELOPMENT_TEAM = "";
				ENABLE_USER_SCRIPT_SANDBOXING = YES;
				GENERATE_INFOPLIST_FILE = YES;
				IPHONEOS_DEPLOYMENT_TARGET = 17.0;
				MARKETING_VERSION = 1.0;
				PRODUCT_BUNDLE_IDENTIFIER = com.simohue.localfilediet.tests;
				SDKROOT = iphoneos;
				SUPPORTED_PLATFORMS = "iphoneos iphonesimulator";
				SWIFT_STRICT_CONCURRENCY = targeted;
				SWIFT_VERSION = 6.0;
				TARGETED_DEVICE_FAMILY = 1;
				TEST_HOST = "$(BUILT_PRODUCTS_DIR)/Local File Diet.app/$(BUNDLE_EXECUTABLE_FOLDER_PATH)/Local File Diet";
			};
			name = Debug;
		};
		524A4D8F57FFDD6097D03BB8 /* Release */ = {
			isa = XCBuildConfiguration;
			buildSettings = {
				ASSETCATALOG_COMPILER_APPICON_NAME = AppIcon;
				ASSETCATALOG_COMPILER_GLOBAL_ACCENT_COLOR_NAME = AccentColor;
				ASSETCATALOG_COMPILER_INCLUDE_ALL_APPICON_ASSETS = YES;
				CLANG_ENABLE_OBJC_WEAK = NO;
				CODE_SIGN_ENTITLEMENTS = LocalFileDiet/Support/LocalFileDiet.entitlements;
				CODE_SIGN_STYLE = Automatic;
				CURRENT_PROJECT_VERSION = 1;
				DEVELOPMENT_TEAM = 8528AN28A3;
				ENABLE_USER_SCRIPT_SANDBOXING = YES;
				GENERATE_INFOPLIST_FILE = NO;
				INFOPLIST_FILE = LocalFileDiet/Support/Info.plist;
				INFOPLIST_KEY_CFBundleDisplayName = "Local File Diet";
				INFOPLIST_KEY_LSApplicationCategoryType = "public.app-category.utilities";
				IPHONEOS_DEPLOYMENT_TARGET = 17.0;
				LD_RUNPATH_SEARCH_PATHS = (
					"$(inherited)",
					"@executable_path/Frameworks",
				);
				MARKETING_VERSION = 1.0;
				PRODUCT_BUNDLE_IDENTIFIER = com.simohue.localfilediet;
				PRODUCT_MODULE_NAME = LocalFileDiet;
				PRODUCT_NAME = "Local File Diet";
				SDKROOT = iphoneos;
				SUPPORTED_PLATFORMS = "iphoneos iphonesimulator";
				SWIFT_STRICT_CONCURRENCY = targeted;
				SWIFT_VERSION = 6.0;
				TARGETED_DEVICE_FAMILY = 1;
				VALIDATE_PRODUCT = YES;
			};
			name = Release;
		};
		570EBCCB1D0C5863A10126CC /* Release */ = {
			isa = XCBuildConfiguration;
			buildSettings = {
				BUNDLE_LOADER = "$(TEST_HOST)";
				CLANG_ENABLE_OBJC_WEAK = NO;
				CODE_SIGN_STYLE = Automatic;
				CURRENT_PROJECT_VERSION = 1;
				DEVELOPMENT_TEAM = "";
				ENABLE_USER_SCRIPT_SANDBOXING = YES;
				GENERATE_INFOPLIST_FILE = YES;
				IPHONEOS_DEPLOYMENT_TARGET = 17.0;
				MARKETING_VERSION = 1.0;
				PRODUCT_BUNDLE_IDENTIFIER = com.simohue.localfilediet.tests;
				SDKROOT = iphoneos;
				SUPPORTED_PLATFORMS = "iphoneos iphonesimulator";
				SWIFT_STRICT_CONCURRENCY = targeted;
				SWIFT_VERSION = 6.0;
				TARGETED_DEVICE_FAMILY = 1;
				TEST_HOST = "$(BUILT_PRODUCTS_DIR)/Local File Diet.app/$(BUNDLE_EXECUTABLE_FOLDER_PATH)/Local File Diet";
				VALIDATE_PRODUCT = YES;
			};
			name = Release;
		};
		5EF3E3F082DE00224653BA82 /* Debug */ = {
			isa = XCBuildConfiguration;
			buildSettings = {
				ASSETCATALOG_COMPILER_APPICON_NAME = AppIcon;
				ASSETCATALOG_COMPILER_GLOBAL_ACCENT_COLOR_NAME = AccentColor;
				ASSETCATALOG_COMPILER_INCLUDE_ALL_APPICON_ASSETS = YES;
				CLANG_ENABLE_OBJC_WEAK = NO;
				CODE_SIGN_ENTITLEMENTS = LocalFileDiet/Support/LocalFileDiet.entitlements;
				CODE_SIGN_STYLE = Automatic;
				CURRENT_PROJECT_VERSION = 1;
				DEVELOPMENT_TEAM = 8528AN28A3;
				ENABLE_USER_SCRIPT_SANDBOXING = YES;
				GENERATE_INFOPLIST_FILE = NO;
				INFOPLIST_FILE = LocalFileDiet/Support/Info.plist;
				INFOPLIST_KEY_CFBundleDisplayName = "Local File Diet";
				INFOPLIST_KEY_LSApplicationCategoryType = "public.app-category.utilities";
				IPHONEOS_DEPLOYMENT_TARGET = 17.0;
				LD_RUNPATH_SEARCH_PATHS = (
					"$(inherited)",
					"@executable_path/Frameworks",
				);
				MARKETING_VERSION = 1.0;
				PRODUCT_BUNDLE_IDENTIFIER = com.simohue.localfilediet;
				PRODUCT_MODULE_NAME = LocalFileDiet;
				PRODUCT_NAME = "Local File Diet";
				SDKROOT = iphoneos;
				SUPPORTED_PLATFORMS = "iphoneos iphonesimulator";
				SWIFT_STRICT_CONCURRENCY = targeted;
				SWIFT_VERSION = 6.0;
				TARGETED_DEVICE_FAMILY = 1;
			};
			name = Debug;
		};
		68B6D8765C2B452C6DB7D300 /* Release */ = {
			isa = XCBuildConfiguration;
			buildSettings = {
				CLANG_ENABLE_OBJC_WEAK = NO;
				CODE_SIGN_STYLE = Automatic;
				CURRENT_PROJECT_VERSION = 1;
				DEVELOPMENT_TEAM = "";
				ENABLE_USER_SCRIPT_SANDBOXING = YES;
				GENERATE_INFOPLIST_FILE = YES;
				IPHONEOS_DEPLOYMENT_TARGET = 17.0;
				MARKETING_VERSION = 1.0;
				PRODUCT_BUNDLE_IDENTIFIER = com.simohue.localfilediet.uitests;
				SDKROOT = iphoneos;
				SUPPORTED_PLATFORMS = "iphoneos iphonesimulator";
				SWIFT_STRICT_CONCURRENCY = targeted;
				SWIFT_VERSION = 6.0;
				TARGETED_DEVICE_FAMILY = 1;
				TEST_TARGET_NAME = LocalFileDiet;
				VALIDATE_PRODUCT = YES;
			};
			name = Release;
		};
		CFEB1918718C3E301131E00D /* Debug */ = {
			isa = XCBuildConfiguration;
			buildSettings = {
				APPLICATION_EXTENSION_API_ONLY = YES;
				CLANG_ENABLE_OBJC_WEAK = NO;
				CODE_SIGN_ENTITLEMENTS = LocalFileDietShareExtension/ShareExtension.entitlements;
				CODE_SIGN_STYLE = Automatic;
				CURRENT_PROJECT_VERSION = 1;
				DEVELOPMENT_TEAM = 8528AN28A3;
				ENABLE_USER_SCRIPT_SANDBOXING = YES;
				GENERATE_INFOPLIST_FILE = NO;
				INFOPLIST_FILE = LocalFileDietShareExtension/Info.plist;
				IPHONEOS_DEPLOYMENT_TARGET = 17.0;
				MARKETING_VERSION = 1.0;
				PRODUCT_BUNDLE_IDENTIFIER = com.simohue.localfilediet.shareextension;
				PRODUCT_MODULE_NAME = LocalFileDietShareExtension;
				PRODUCT_NAME = "Local File Diet Share";
				SDKROOT = iphoneos;
				SKIP_INSTALL = YES;
				SUPPORTED_PLATFORMS = "iphoneos iphonesimulator";
				SWIFT_STRICT_CONCURRENCY = targeted;
				SWIFT_VERSION = 6.0;
				TARGETED_DEVICE_FAMILY = 1;
			};
			name = Debug;
		};
		D579E219AEFD0A1AF4DEA549 /* Release */ = {
			isa = XCBuildConfiguration;
			buildSettings = {
				ALWAYS_SEARCH_USER_PATHS = NO;
				CLANG_ANALYZER_NONNULL = YES;
				CLANG_ANALYZER_NUMBER_OBJECT_CONVERSION = YES_AGGRESSIVE;
				CLANG_CXX_LANGUAGE_STANDARD = "gnu++14";
				CLANG_CXX_LIBRARY = "libc++";
				CLANG_ENABLE_MODULES = YES;
				CLANG_ENABLE_OBJC_ARC = YES;
				CLANG_ENABLE_OBJC_WEAK = YES;
				CLANG_WARN_BLOCK_CAPTURE_AUTORELEASING = YES;
				CLANG_WARN_BOOL_CONVERSION = YES;
				CLANG_WARN_COMMA = YES;
				CLANG_WARN_CONSTANT_CONVERSION = YES;
				CLANG_WARN_DEPRECATED_OBJC_IMPLEMENTATIONS = YES;
				CLANG_WARN_DIRECT_OBJC_ISA_USAGE = YES_ERROR;
				CLANG_WARN_DOCUMENTATION_COMMENTS = YES;
				CLANG_WARN_EMPTY_BODY = YES;
				CLANG_WARN_ENUM_CONVERSION = YES;
				CLANG_WARN_INFINITE_RECURSION = YES;
				CLANG_WARN_INT_CONVERSION = YES;
				CLANG_WARN_NON_LITERAL_NULL_CONVERSION = YES;
				CLANG_WARN_OBJC_IMPLICIT_RETAIN_SELF = YES;
				CLANG_WARN_OBJC_LITERAL_CONVERSION = YES;
				CLANG_WARN_OBJC_ROOT_CLASS = YES_ERROR;
				CLANG_WARN_QUOTED_INCLUDE_IN_FRAMEWORK_HEADER = YES;
				CLANG_WARN_RANGE_LOOP_ANALYSIS = YES;
				CLANG_WARN_STRICT_PROTOTYPES = YES;
				CLANG_WARN_SUSPICIOUS_MOVE = YES;
				CLANG_WARN_UNGUARDED_AVAILABILITY = YES_AGGRESSIVE;
				CLANG_WARN_UNREACHABLE_CODE = YES;
				CLANG_WARN__DUPLICATE_METHOD_MATCH = YES;
				COPY_PHASE_STRIP = NO;
				DEAD_CODE_STRIPPING = YES;
				DEBUG_INFORMATION_FORMAT = "dwarf-with-dsym";
				ENABLE_NS_ASSERTIONS = NO;
				ENABLE_STRICT_OBJC_MSGSEND = YES;
				GCC_C_LANGUAGE_STANDARD = gnu11;
				GCC_NO_COMMON_BLOCKS = YES;
				GCC_WARN_64_TO_32_BIT_CONVERSION = YES;
				GCC_WARN_ABOUT_RETURN_TYPE = YES_ERROR;
				GCC_WARN_UNDECLARED_SELECTOR = YES;
				GCC_WARN_UNINITIALIZED_AUTOS = YES_AGGRESSIVE;
				GCC_WARN_UNUSED_FUNCTION = YES;
				GCC_WARN_UNUSED_VARIABLE = YES;
				MTL_ENABLE_DEBUG_INFO = NO;
				MTL_FAST_MATH = YES;
				PRODUCT_NAME = "$(TARGET_NAME)";
				STRING_CATALOG_GENERATE_SYMBOLS = YES;
				SWIFT_COMPILATION_MODE = wholemodule;
				SWIFT_OPTIMIZATION_LEVEL = "-O";
				SWIFT_VERSION = 5.0;
			};
			name = Release;
		};
		D69B268154E0C23927461650 /* Debug */ = {
			isa = XCBuildConfiguration;
			buildSettings = {
				CLANG_ENABLE_OBJC_WEAK = NO;
				CODE_SIGN_STYLE = Automatic;
				CURRENT_PROJECT_VERSION = 1;
				DEVELOPMENT_TEAM = "";
				ENABLE_USER_SCRIPT_SANDBOXING = YES;
				GENERATE_INFOPLIST_FILE = YES;
				IPHONEOS_DEPLOYMENT_TARGET = 17.0;
				MARKETING_VERSION = 1.0;
				PRODUCT_BUNDLE_IDENTIFIER = com.simohue.localfilediet.uitests;
				SDKROOT = iphoneos;
				SUPPORTED_PLATFORMS = "iphoneos iphonesimulator";
				SWIFT_STRICT_CONCURRENCY = targeted;
				SWIFT_VERSION = 6.0;
				TARGETED_DEVICE_FAMILY = 1;
				TEST_TARGET_NAME = LocalFileDiet;
			};
			name = Debug;
		};
		DFA4335F6D24441D26B74498 /* Release */ = {
			isa = XCBuildConfiguration;
			buildSettings = {
				APPLICATION_EXTENSION_API_ONLY = YES;
				CLANG_ENABLE_OBJC_WEAK = NO;
				CODE_SIGN_ENTITLEMENTS = LocalFileDietShareExtension/ShareExtension.entitlements;
				CODE_SIGN_STYLE = Automatic;
				CURRENT_PROJECT_VERSION = 1;
				DEVELOPMENT_TEAM = 8528AN28A3;
				ENABLE_USER_SCRIPT_SANDBOXING = YES;
				GENERATE_INFOPLIST_FILE = NO;
				INFOPLIST_FILE = LocalFileDietShareExtension/Info.plist;
				IPHONEOS_DEPLOYMENT_TARGET = 17.0;
				MARKETING_VERSION = 1.0;
				PRODUCT_BUNDLE_IDENTIFIER = com.simohue.localfilediet.shareextension;
				PRODUCT_MODULE_NAME = LocalFileDietShareExtension;
				PRODUCT_NAME = "Local File Diet Share";
				SDKROOT = iphoneos;
				SKIP_INSTALL = YES;
				SUPPORTED_PLATFORMS = "iphoneos iphonesimulator";
				SWIFT_STRICT_CONCURRENCY = targeted;
				SWIFT_VERSION = 6.0;
				TARGETED_DEVICE_FAMILY = 1;
				VALIDATE_PRODUCT = YES;
			};
			name = Release;
		};
		F50CB1AB4E15D8C0BC8D6543 /* Debug */ = {
			isa = XCBuildConfiguration;
			buildSettings = {
				ALWAYS_SEARCH_USER_PATHS = NO;
				CLANG_ANALYZER_NONNULL = YES;
				CLANG_ANALYZER_NUMBER_OBJECT_CONVERSION = YES_AGGRESSIVE;
				CLANG_CXX_LANGUAGE_STANDARD = "gnu++14";
				CLANG_CXX_LIBRARY = "libc++";
				CLANG_ENABLE_MODULES = YES;
				CLANG_ENABLE_OBJC_ARC = YES;
				CLANG_ENABLE_OBJC_WEAK = YES;
				CLANG_WARN_BLOCK_CAPTURE_AUTORELEASING = YES;
				CLANG_WARN_BOOL_CONVERSION = YES;
				CLANG_WARN_COMMA = YES;
				CLANG_WARN_CONSTANT_CONVERSION = YES;
				CLANG_WARN_DEPRECATED_OBJC_IMPLEMENTATIONS = YES;
				CLANG_WARN_DIRECT_OBJC_ISA_USAGE = YES_ERROR;
				CLANG_WARN_DOCUMENTATION_COMMENTS = YES;
				CLANG_WARN_EMPTY_BODY = YES;
				CLANG_WARN_ENUM_CONVERSION = YES;
				CLANG_WARN_INFINITE_RECURSION = YES;
				CLANG_WARN_INT_CONVERSION = YES;
				CLANG_WARN_NON_LITERAL_NULL_CONVERSION = YES;
				CLANG_WARN_OBJC_IMPLICIT_RETAIN_SELF = YES;
				CLANG_WARN_OBJC_LITERAL_CONVERSION = YES;
				CLANG_WARN_OBJC_ROOT_CLASS = YES_ERROR;
				CLANG_WARN_QUOTED_INCLUDE_IN_FRAMEWORK_HEADER = YES;
				CLANG_WARN_RANGE_LOOP_ANALYSIS = YES;
				CLANG_WARN_STRICT_PROTOTYPES = YES;
				CLANG_WARN_SUSPICIOUS_MOVE = YES;
				CLANG_WARN_UNGUARDED_AVAILABILITY = YES_AGGRESSIVE;
				CLANG_WARN_UNREACHABLE_CODE = YES;
				CLANG_WARN__DUPLICATE_METHOD_MATCH = YES;
				COPY_PHASE_STRIP = NO;
				DEAD_CODE_STRIPPING = YES;
				DEBUG_INFORMATION_FORMAT = dwarf;
				ENABLE_STRICT_OBJC_MSGSEND = YES;
				ENABLE_TESTABILITY = YES;
				GCC_C_LANGUAGE_STANDARD = gnu11;
				GCC_DYNAMIC_NO_PIC = NO;
				GCC_NO_COMMON_BLOCKS = YES;
				GCC_OPTIMIZATION_LEVEL = 0;
				GCC_PREPROCESSOR_DEFINITIONS = (
					"DEBUG=1",
					"$(inherited)",
				);
				GCC_WARN_64_TO_32_BIT_CONVERSION = YES;
				GCC_WARN_ABOUT_RETURN_TYPE = YES_ERROR;
				GCC_WARN_UNDECLARED_SELECTOR = YES;
				GCC_WARN_UNINITIALIZED_AUTOS = YES_AGGRESSIVE;
				GCC_WARN_UNUSED_FUNCTION = YES;
				GCC_WARN_UNUSED_VARIABLE = YES;
				MTL_ENABLE_DEBUG_INFO = INCLUDE_SOURCE;
				MTL_FAST_MATH = YES;
				ONLY_ACTIVE_ARCH = YES;
				PRODUCT_NAME = "$(TARGET_NAME)";
				STRING_CATALOG_GENERATE_SYMBOLS = YES;
				SWIFT_ACTIVE_COMPILATION_CONDITIONS = DEBUG;
				SWIFT_OPTIMIZATION_LEVEL = "-Onone";
				SWIFT_VERSION = 5.0;
			};
			name = Debug;
		};
/* End XCBuildConfiguration section */

/* Begin XCConfigurationList section */
		0C268009BA8DCE875276BA6F /* Build configuration list for PBXProject "LocalFileDiet" */ = {
			isa = XCConfigurationList;
			buildConfigurations = (
				F50CB1AB4E15D8C0BC8D6543 /* Debug */,
				D579E219AEFD0A1AF4DEA549 /* Release */,
			);
			defaultConfigurationIsVisible = 0;
			defaultConfigurationName = Release;
		};
		3C03FBFBECD9083D693030DC /* Build configuration list for PBXNativeTarget "LocalFileDiet" */ = {
			isa = XCConfigurationList;
			buildConfigurations = (
				524A4D8F57FFDD6097D03BB8 /* Release */,
				5EF3E3F082DE00224653BA82 /* Debug */,
			);
			defaultConfigurationIsVisible = 0;
			defaultConfigurationName = Release;
		};
		6106805DD7BD92E81103E926 /* Build configuration list for PBXNativeTarget "LocalFileDietShareExtension" */ = {
			isa = XCConfigurationList;
			buildConfigurations = (
				DFA4335F6D24441D26B74498 /* Release */,
				CFEB1918718C3E301131E00D /* Debug */,
			);
			defaultConfigurationIsVisible = 0;
			defaultConfigurationName = Release;
		};
		96EA423CDD07309F938077D2 /* Build configuration list for PBXNativeTarget "LocalFileDietTests" */ = {
			isa = XCConfigurationList;
			buildConfigurations = (
				570EBCCB1D0C5863A10126CC /* Release */,
				2BE2877A8A3F357275D86616 /* Debug */,
			);
			defaultConfigurationIsVisible = 0;
			defaultConfigurationName = Release;
		};
		C824FA1DFFE4885F0B39FD4B /* Build configuration list for PBXNativeTarget "LocalFileDietUITests" */ = {
			isa = XCConfigurationList;
			buildConfigurations = (
				68B6D8765C2B452C6DB7D300 /* Release */,
				D69B268154E0C23927461650 /* Debug */,
			);
			defaultConfigurationIsVisible = 0;
			defaultConfigurationName = Release;
		};
/* End XCConfigurationList section */
	};
	rootObject = 4C8511783766C57092E5705D /* Project object */;
}
